PODS:
  - OwnKit (0.0.2):
    - OwnKit/lib (= 0.0.2)
    - OwnKit/newKit (= 0.0.2)
  - OwnKit/lib (0.0.2)
  - OwnKit/newKit (0.0.2)

DEPENDENCIES:
  - OwnKit (from `../`)

EXTERNAL SOURCES:
  OwnKit:
    :path: "../"

SPEC CHECKSUMS:
  OwnKit: 26b95b513716f8c23a058603796cfac9c3355dbc

PODFILE CHECKSUM: cc12beeb1d19988be42ff226c4470a392e69e8c4

COCOAPODS: 1.11.3
