PODS:
  - OwnKit (0.0.4):
    - OwnKit/lib (= 0.0.4)
    - OwnKit/newKit (= 0.0.4)
  - OwnKit/lib (0.0.4)
  - OwnKit/newKit (0.0.4)

DEPENDENCIES:
  - OwnKit (from `../`)

EXTERNAL SOURCES:
  OwnKit:
    :path: "../"

SPEC CHECKSUMS:
  OwnKit: 4a6f55f02086c1921bce533b19da805610e17077

PODFILE CHECKSUM: cc12beeb1d19988be42ff226c4470a392e69e8c4

COCOAPODS: 1.11.3
