PODS:
  - OwnKit (0.0.5):
    - OwnKit/framework (= 0.0.5)
    - OwnKit/lib (= 0.0.5)
    - OwnKit/newKit (= 0.0.5)
  - OwnKit/framework (0.0.5)
  - OwnKit/lib (0.0.5)
  - OwnKit/newKit (0.0.5)

DEPENDENCIES:
  - OwnKit (from `../`)

EXTERNAL SOURCES:
  OwnKit:
    :path: "../"

SPEC CHECKSUMS:
  OwnKit: 688e938b983c8a4ca62ec2e158494de463601c47

PODFILE CHECKSUM: cc12beeb1d19988be42ff226c4470a392e69e8c4

COCOAPODS: 1.11.3
